
Microsoft Visual Studio Solution File, Format Version 12.00
Project("{2150E333-8FDC-42A3-9474-1A3956D46DE8}") = "API ", "API ", "{23A070DF-D9E1-403C-AAF9-E465E1F27CD0}"
EndProject
Project("{2150E333-8FDC-42A3-9474-1A3956D46DE8}") = "Core ", "Core ", "{AC14AB05-E3F6-4B4E-B543-4C490C0ED7D0}"
EndProject
Project("{2150E333-8FDC-42A3-9474-1A3956D46DE8}") = "Infastructure", "Infastructure", "{B2C112DA-18B0-4190-B206-3E22AE7C7E2A}"
EndProject
Project("{2150E333-8FDC-42A3-9474-1A3956D46DE8}") = "UI", "UI", "{01FDFF8D-489B-4683-A838-0168711663C6}"
EndProject
Project("{2150E333-8FDC-42A3-9474-1A3956D46DE8}") = "Src", "Src", "{7CD37525-7878-4B92-B7DF-007DEB33FB34}"
EndProject
Project("{2150E333-8FDC-42A3-9474-1A3956D46DE8}") = "Test", "Test", "{A6433AE3-75C9-4CA0-B46A-83D9B02D91D2}"
EndProject
Project("{FAE04EC0-301F-11D3-BF4B-00C04F79EFBC}") = "Domain", "Domain\Domain.csproj", "{DCBDA08A-3C22-4F08-A48A-876F1C01FEFF}"
EndProject
Project("{FAE04EC0-301F-11D3-BF4B-00C04F79EFBC}") = "Application", "Application\Application.csproj", "{04AB27C8-7F8B-4A99-B1C5-6CCC77C1C6BA}"
EndProject
Project("{FAE04EC0-301F-11D3-BF4B-00C04F79EFBC}") = "Identity", "Identity\Identity.csproj", "{22E09390-4D96-4B2F-B5BA-226E2A4DFA16}"
EndProject
Global
	GlobalSection(SolutionConfigurationPlatforms) = preSolution
		Debug|Any CPU = Debug|Any CPU
		Release|Any CPU = Release|Any CPU
	EndGlobalSection
	GlobalSection(NestedProjects) = preSolution
		{01FDFF8D-489B-4683-A838-0168711663C6} = {7CD37525-7878-4B92-B7DF-007DEB33FB34}
		{B2C112DA-18B0-4190-B206-3E22AE7C7E2A} = {7CD37525-7878-4B92-B7DF-007DEB33FB34}
		{AC14AB05-E3F6-4B4E-B543-4C490C0ED7D0} = {7CD37525-7878-4B92-B7DF-007DEB33FB34}
		{23A070DF-D9E1-403C-AAF9-E465E1F27CD0} = {7CD37525-7878-4B92-B7DF-007DEB33FB34}
		{DCBDA08A-3C22-4F08-A48A-876F1C01FEFF} = {AC14AB05-E3F6-4B4E-B543-4C490C0ED7D0}
		{04AB27C8-7F8B-4A99-B1C5-6CCC77C1C6BA} = {AC14AB05-E3F6-4B4E-B543-4C490C0ED7D0}
		{22E09390-4D96-4B2F-B5BA-226E2A4DFA16} = {B2C112DA-18B0-4190-B206-3E22AE7C7E2A}
	EndGlobalSection
	GlobalSection(ProjectConfigurationPlatforms) = postSolution
		{DCBDA08A-3C22-4F08-A48A-876F1C01FEFF}.Debug|Any CPU.ActiveCfg = Debug|Any CPU
		{DCBDA08A-3C22-4F08-A48A-876F1C01FEFF}.Debug|Any CPU.Build.0 = Debug|Any CPU
		{DCBDA08A-3C22-4F08-A48A-876F1C01FEFF}.Release|Any CPU.ActiveCfg = Release|Any CPU
		{DCBDA08A-3C22-4F08-A48A-876F1C01FEFF}.Release|Any CPU.Build.0 = Release|Any CPU
		{04AB27C8-7F8B-4A99-B1C5-6CCC77C1C6BA}.Debug|Any CPU.ActiveCfg = Debug|Any CPU
		{04AB27C8-7F8B-4A99-B1C5-6CCC77C1C6BA}.Debug|Any CPU.Build.0 = Debug|Any CPU
		{04AB27C8-7F8B-4A99-B1C5-6CCC77C1C6BA}.Release|Any CPU.ActiveCfg = Release|Any CPU
		{04AB27C8-7F8B-4A99-B1C5-6CCC77C1C6BA}.Release|Any CPU.Build.0 = Release|Any CPU
		{22E09390-4D96-4B2F-B5BA-226E2A4DFA16}.Debug|Any CPU.ActiveCfg = Debug|Any CPU
		{22E09390-4D96-4B2F-B5BA-226E2A4DFA16}.Debug|Any CPU.Build.0 = Debug|Any CPU
		{22E09390-4D96-4B2F-B5BA-226E2A4DFA16}.Release|Any CPU.ActiveCfg = Release|Any CPU
		{22E09390-4D96-4B2F-B5BA-226E2A4DFA16}.Release|Any CPU.Build.0 = Release|Any CPU
	EndGlobalSection
EndGlobal
